
Microsoft Visual Studio Solution File, Format Version 12.00
# Visual Studio Version 17
VisualStudioVersion = 17.0.31903.59
MinimumVisualStudioVersion = 10.0.40219.1
Project("{FAE04EC0-301F-11D3-BF4B-00C04F79EFBC}") = "DeliverySystem", "DeliverySystem\DeliverySystem.csproj", "{02825B3A-5FAB-4284-B7F1-8BCD74EB1923}"
EndProject
Project("{FAE04EC0-301F-11D3-BF4B-00C04F79EFBC}") = "DeliverySystem.Tests", "DeliverySystem.Tests\DeliverySystem.Tests.csproj", "{A1AADF9F-896B-417B-83DF-F63D2F654955}"
EndProject
Global
	GlobalSection(SolutionConfigurationPlatforms) = preSolution
		Debug|Any CPU = Debug|Any CPU
		Debug|x64 = Debug|x64
		Debug|x86 = Debug|x86
		Release|Any CPU = Release|Any CPU
		Release|x64 = Release|x64
		Release|x86 = Release|x86
	EndGlobalSection
	GlobalSection(ProjectConfigurationPlatforms) = postSolution
		{02825B3A-5FAB-4284-B7F1-8BCD74EB1923}.Debug|Any CPU.ActiveCfg = Debug|Any CPU
		{02825B3A-5FAB-4284-B7F1-8BCD74EB1923}.Debug|Any CPU.Build.0 = Debug|Any CPU
		{02825B3A-5FAB-4284-B7F1-8BCD74EB1923}.Debug|x64.ActiveCfg = Debug|Any CPU
		{02825B3A-5FAB-4284-B7F1-8BCD74EB1923}.Debug|x64.Build.0 = Debug|Any CPU
		{02825B3A-5FAB-4284-B7F1-8BCD74EB1923}.Debug|x86.ActiveCfg = Debug|Any CPU
		{02825B3A-5FAB-4284-B7F1-8BCD74EB1923}.Debug|x86.Build.0 = Debug|Any CPU
		{02825B3A-5FAB-4284-B7F1-8BCD74EB1923}.Release|Any CPU.ActiveCfg = Release|Any CPU
		{02825B3A-5FAB-4284-B7F1-8BCD74EB1923}.Release|Any CPU.Build.0 = Release|Any CPU
		{02825B3A-5FAB-4284-B7F1-8BCD74EB1923}.Release|x64.ActiveCfg = Release|Any CPU
		{02825B3A-5FAB-4284-B7F1-8BCD74EB1923}.Release|x64.Build.0 = Release|Any CPU
		{02825B3A-5FAB-4284-B7F1-8BCD74EB1923}.Release|x86.ActiveCfg = Release|Any CPU
		{02825B3A-5FAB-4284-B7F1-8BCD74EB1923}.Release|x86.Build.0 = Release|Any CPU
		{A1AADF9F-896B-417B-83DF-F63D2F654955}.Debug|Any CPU.ActiveCfg = Debug|Any CPU
		{A1AADF9F-896B-417B-83DF-F63D2F654955}.Debug|Any CPU.Build.0 = Debug|Any CPU
		{A1AADF9F-896B-417B-83DF-F63D2F654955}.Debug|x64.ActiveCfg = Debug|Any CPU
		{A1AADF9F-896B-417B-83DF-F63D2F654955}.Debug|x64.Build.0 = Debug|Any CPU
		{A1AADF9F-896B-417B-83DF-F63D2F654955}.Debug|x86.ActiveCfg = Debug|Any CPU
		{A1AADF9F-896B-417B-83DF-F63D2F654955}.Debug|x86.Build.0 = Debug|Any CPU
		{A1AADF9F-896B-417B-83DF-F63D2F654955}.Release|Any CPU.ActiveCfg = Release|Any CPU
		{A1AADF9F-896B-417B-83DF-F63D2F654955}.Release|Any CPU.Build.0 = Release|Any CPU
		{A1AADF9F-896B-417B-83DF-F63D2F654955}.Release|x64.ActiveCfg = Release|Any CPU
		{A1AADF9F-896B-417B-83DF-F63D2F654955}.Release|x64.Build.0 = Release|Any CPU
		{A1AADF9F-896B-417B-83DF-F63D2F654955}.Release|x86.ActiveCfg = Release|Any CPU
		{A1AADF9F-896B-417B-83DF-F63D2F654955}.Release|x86.Build.0 = Release|Any CPU
	EndGlobalSection
	GlobalSection(SolutionProperties) = preSolution
		HideSolutionNode = FALSE
	EndGlobalSection
EndGlobal
